
Microsoft Visual Studio Solution File, Format Version 12.00
# Visual Studio 2013
VisualStudioVersion = 12.0.30723.0
MinimumVisualStudioVersion = 10.0.40219.1
Project("{FAE04EC0-301F-11D3-BF4B-00C04F79EFBC}") = "ATable", "ATable.csproj", "{BB4AE5D7-2EE9-4FD6-9C4A-BC9534AA5BFE}"
EndProject
Global
	GlobalSection(SolutionConfigurationPlatforms) = preSolution
		Debug|Any CPU = Debug|Any CPU
		Release|Any CPU = Release|Any CPU
	EndGlobalSection
	GlobalSection(ProjectConfigurationPlatforms) = postSolution
		{BB4AE5D7-2EE9-4FD6-9C4A-BC9534AA5BFE}.Debug|Any CPU.ActiveCfg = Debug|Any CPU
		{BB4AE5D7-2EE9-4FD6-9C4A-BC9534AA5BFE}.Debug|Any CPU.Build.0 = Debug|Any CPU
		{BB4AE5D7-2EE9-4FD6-9C4A-BC9534AA5BFE}.Release|Any CPU.ActiveCfg = Release|Any CPU
		{BB4AE5D7-2EE9-4FD6-9C4A-BC9534AA5BFE}.Release|Any CPU.Build.0 = Release|Any CPU
	EndGlobalSection
	GlobalSection(SolutionProperties) = preSolution
		HideSolutionNode = FALSE
	EndGlobalSection
EndGlobal
